
Microsoft Visual Studio Solution File, Format Version 12.00
# Visual Studio Version 16
VisualStudioVersion = 16.0.29905.134
MinimumVisualStudioVersion = 10.0.40219.1
Project("{FAE04EC0-301F-11D3-BF4B-00C04F79EFBC}") = "RestaurantSimulation", "RestaurantSimulation\RestaurantSimulation.csproj", "{1CA7CFF8-AC99-43A4-8098-C4B744F26D3D}"
EndProject
Global
	GlobalSection(SolutionConfigurationPlatforms) = preSolution
		Debug|Any CPU = Debug|Any CPU
		Release|Any CPU = Release|Any CPU
	EndGlobalSection
	GlobalSection(ProjectConfigurationPlatforms) = postSolution
		{1CA7CFF8-AC99-43A4-8098-C4B744F26D3D}.Debug|Any CPU.ActiveCfg = Debug|Any CPU
		{1CA7CFF8-AC99-43A4-8098-C4B744F26D3D}.Debug|Any CPU.Build.0 = Debug|Any CPU
		{1CA7CFF8-AC99-43A4-8098-C4B744F26D3D}.Release|Any CPU.ActiveCfg = Release|Any CPU
		{1CA7CFF8-AC99-43A4-8098-C4B744F26D3D}.Release|Any CPU.Build.0 = Release|Any CPU
	EndGlobalSection
	GlobalSection(SolutionProperties) = preSolution
		HideSolutionNode = FALSE
	EndGlobalSection
	GlobalSection(ExtensibilityGlobals) = postSolution
		SolutionGuid = {076C8533-166B-4E7E-8DEA-6A928329CF82}
	EndGlobalSection
EndGlobal
