
Microsoft Visual Studio Solution File, Format Version 12.00
# Visual Studio Version 16
VisualStudioVersion = 16.0.29905.134
MinimumVisualStudioVersion = 10.0.40219.1
Project("{FAE04EC0-301F-11D3-BF4B-00C04F79EFBC}") = "Task_Manager", "Task_Manager\Task_Manager.csproj", "{A451231F-6477-4EC6-A5C9-9377A13FBE27}"
EndProject
Project("{FAE04EC0-301F-11D3-BF4B-00C04F79EFBC}") = "DBCon", "DBCon\DBCon.csproj", "{50CE8DED-49D7-40F8-9BF8-4C4212677BBF}"
EndProject
Project("{FAE04EC0-301F-11D3-BF4B-00C04F79EFBC}") = "ControllerModels", "ControllerModels\ControllerModels.csproj", "{A268F2C3-0713-4506-9A2B-85024FA38610}"
EndProject
Global
	GlobalSection(SolutionConfigurationPlatforms) = preSolution
		Debug|Any CPU = Debug|Any CPU
		Release|Any CPU = Release|Any CPU
	EndGlobalSection
	GlobalSection(ProjectConfigurationPlatforms) = postSolution
		{A451231F-6477-4EC6-A5C9-9377A13FBE27}.Debug|Any CPU.ActiveCfg = Debug|Any CPU
		{A451231F-6477-4EC6-A5C9-9377A13FBE27}.Debug|Any CPU.Build.0 = Debug|Any CPU
		{A451231F-6477-4EC6-A5C9-9377A13FBE27}.Release|Any CPU.ActiveCfg = Release|Any CPU
		{A451231F-6477-4EC6-A5C9-9377A13FBE27}.Release|Any CPU.Build.0 = Release|Any CPU
		{50CE8DED-49D7-40F8-9BF8-4C4212677BBF}.Debug|Any CPU.ActiveCfg = Debug|Any CPU
		{50CE8DED-49D7-40F8-9BF8-4C4212677BBF}.Debug|Any CPU.Build.0 = Debug|Any CPU
		{50CE8DED-49D7-40F8-9BF8-4C4212677BBF}.Release|Any CPU.ActiveCfg = Release|Any CPU
		{50CE8DED-49D7-40F8-9BF8-4C4212677BBF}.Release|Any CPU.Build.0 = Release|Any CPU
		{A268F2C3-0713-4506-9A2B-85024FA38610}.Debug|Any CPU.ActiveCfg = Debug|Any CPU
		{A268F2C3-0713-4506-9A2B-85024FA38610}.Debug|Any CPU.Build.0 = Debug|Any CPU
		{A268F2C3-0713-4506-9A2B-85024FA38610}.Release|Any CPU.ActiveCfg = Release|Any CPU
		{A268F2C3-0713-4506-9A2B-85024FA38610}.Release|Any CPU.Build.0 = Release|Any CPU
	EndGlobalSection
	GlobalSection(SolutionProperties) = preSolution
		HideSolutionNode = FALSE
	EndGlobalSection
	GlobalSection(ExtensibilityGlobals) = postSolution
		SolutionGuid = {90A5B4E1-B550-42C6-A312-85CDB48D270D}
	EndGlobalSection
EndGlobal
