
Microsoft Visual Studio Solution File, Format Version 12.00
# Visual Studio Version 16
VisualStudioVersion = 16.0.29905.134
MinimumVisualStudioVersion = 10.0.40219.1
Project("{FAE04EC0-301F-11D3-BF4B-00C04F79EFBC}") = "expiriment", "expiriment\expiriment.csproj", "{4F1B6C1D-35F5-4E14-97F4-7153A8D53791}"
EndProject
Project("{2150E333-8FDC-42A3-9474-1A3956D46DE8}") = "Solution Items", "Solution Items", "{543A1131-1014-4E52-AF74-7C812CA9C27A}"
	ProjectSection(SolutionItems) = preProject
		.editorconfig = .editorconfig
	EndProjectSection
EndProject
Global
	GlobalSection(SolutionConfigurationPlatforms) = preSolution
		Debug|Any CPU = Debug|Any CPU
		Release|Any CPU = Release|Any CPU
	EndGlobalSection
	GlobalSection(ProjectConfigurationPlatforms) = postSolution
		{4F1B6C1D-35F5-4E14-97F4-7153A8D53791}.Debug|Any CPU.ActiveCfg = Debug|Any CPU
		{4F1B6C1D-35F5-4E14-97F4-7153A8D53791}.Debug|Any CPU.Build.0 = Debug|Any CPU
		{4F1B6C1D-35F5-4E14-97F4-7153A8D53791}.Release|Any CPU.ActiveCfg = Release|Any CPU
		{4F1B6C1D-35F5-4E14-97F4-7153A8D53791}.Release|Any CPU.Build.0 = Release|Any CPU
	EndGlobalSection
	GlobalSection(SolutionProperties) = preSolution
		HideSolutionNode = FALSE
	EndGlobalSection
	GlobalSection(ExtensibilityGlobals) = postSolution
		SolutionGuid = {33BE7347-0A06-4D7C-B02D-6AB44D95CE9A}
	EndGlobalSection
EndGlobal
