
Microsoft Visual Studio Solution File, Format Version 12.00
# Visual Studio Version 16
VisualStudioVersion = 16.0.29905.134
MinimumVisualStudioVersion = 10.0.40219.1
Project("{FAE04EC0-301F-11D3-BF4B-00C04F79EFBC}") = "Events and delegates", "Events and delegates\Events and delegates.csproj", "{B7974965-17AD-47D3-B4A4-017DCFEE0DD5}"
EndProject
Global
	GlobalSection(SolutionConfigurationPlatforms) = preSolution
		Debug|Any CPU = Debug|Any CPU
		Release|Any CPU = Release|Any CPU
	EndGlobalSection
	GlobalSection(ProjectConfigurationPlatforms) = postSolution
		{B7974965-17AD-47D3-B4A4-017DCFEE0DD5}.Debug|Any CPU.ActiveCfg = Debug|Any CPU
		{B7974965-17AD-47D3-B4A4-017DCFEE0DD5}.Debug|Any CPU.Build.0 = Debug|Any CPU
		{B7974965-17AD-47D3-B4A4-017DCFEE0DD5}.Release|Any CPU.ActiveCfg = Release|Any CPU
		{B7974965-17AD-47D3-B4A4-017DCFEE0DD5}.Release|Any CPU.Build.0 = Release|Any CPU
	EndGlobalSection
	GlobalSection(SolutionProperties) = preSolution
		HideSolutionNode = FALSE
	EndGlobalSection
	GlobalSection(ExtensibilityGlobals) = postSolution
		SolutionGuid = {357650C0-71FE-477A-AAED-B53BF28CAB7C}
	EndGlobalSection
EndGlobal
