
Microsoft Visual Studio Solution File, Format Version 12.00
# Visual Studio Version 16
VisualStudioVersion = 16.0.29905.134
MinimumVisualStudioVersion = 10.0.40219.1
Project("{FAE04EC0-301F-11D3-BF4B-00C04F79EFBC}") = "Stackoverflow", "Stackoverflow\Stackoverflow.csproj", "{4DB24247-2E9C-418A-8C3D-DC0E4A8D1F44}"
EndProject
Global
	GlobalSection(SolutionConfigurationPlatforms) = preSolution
		Debug|Any CPU = Debug|Any CPU
		Release|Any CPU = Release|Any CPU
	EndGlobalSection
	GlobalSection(ProjectConfigurationPlatforms) = postSolution
		{4DB24247-2E9C-418A-8C3D-DC0E4A8D1F44}.Debug|Any CPU.ActiveCfg = Debug|Any CPU
		{4DB24247-2E9C-418A-8C3D-DC0E4A8D1F44}.Debug|Any CPU.Build.0 = Debug|Any CPU
		{4DB24247-2E9C-418A-8C3D-DC0E4A8D1F44}.Release|Any CPU.ActiveCfg = Release|Any CPU
		{4DB24247-2E9C-418A-8C3D-DC0E4A8D1F44}.Release|Any CPU.Build.0 = Release|Any CPU
	EndGlobalSection
	GlobalSection(SolutionProperties) = preSolution
		HideSolutionNode = FALSE
	EndGlobalSection
	GlobalSection(ExtensibilityGlobals) = postSolution
		SolutionGuid = {DDFA6971-F9EE-48AD-929A-C45084DBBEC6}
	EndGlobalSection
EndGlobal
