
Microsoft Visual Studio Solution File, Format Version 12.00
# Visual Studio Version 16
VisualStudioVersion = 16.0.29905.134
MinimumVisualStudioVersion = 10.0.40219.1
Project("{FAE04EC0-301F-11D3-BF4B-00C04F79EFBC}") = "LINQ", "LINQ\LINQ.csproj", "{D1C2B139-671D-4A85-B670-7E810ACCC78C}"
EndProject
Global
	GlobalSection(SolutionConfigurationPlatforms) = preSolution
		Debug|Any CPU = Debug|Any CPU
		Release|Any CPU = Release|Any CPU
	EndGlobalSection
	GlobalSection(ProjectConfigurationPlatforms) = postSolution
		{D1C2B139-671D-4A85-B670-7E810ACCC78C}.Debug|Any CPU.ActiveCfg = Debug|Any CPU
		{D1C2B139-671D-4A85-B670-7E810ACCC78C}.Debug|Any CPU.Build.0 = Debug|Any CPU
		{D1C2B139-671D-4A85-B670-7E810ACCC78C}.Release|Any CPU.ActiveCfg = Release|Any CPU
		{D1C2B139-671D-4A85-B670-7E810ACCC78C}.Release|Any CPU.Build.0 = Release|Any CPU
	EndGlobalSection
	GlobalSection(SolutionProperties) = preSolution
		HideSolutionNode = FALSE
	EndGlobalSection
	GlobalSection(ExtensibilityGlobals) = postSolution
		SolutionGuid = {3D0EF623-8791-4710-A87A-A31D44FC4DFD}
	EndGlobalSection
EndGlobal
