
Microsoft Visual Studio Solution File, Format Version 12.00
# Visual Studio Version 16
VisualStudioVersion = 16.0.29905.134
MinimumVisualStudioVersion = 10.0.40219.1
Project("{FAE04EC0-301F-11D3-BF4B-00C04F79EFBC}") = "DailyTaskManager", "DailyTaskManager\DailyTaskManager.csproj", "{5454CA3E-D7FC-4790-9F00-461AFFE1B17D}"
EndProject
Global
	GlobalSection(SolutionConfigurationPlatforms) = preSolution
		Debug|Any CPU = Debug|Any CPU
		Release|Any CPU = Release|Any CPU
	EndGlobalSection
	GlobalSection(ProjectConfigurationPlatforms) = postSolution
		{5454CA3E-D7FC-4790-9F00-461AFFE1B17D}.Debug|Any CPU.ActiveCfg = Debug|Any CPU
		{5454CA3E-D7FC-4790-9F00-461AFFE1B17D}.Debug|Any CPU.Build.0 = Debug|Any CPU
		{5454CA3E-D7FC-4790-9F00-461AFFE1B17D}.Release|Any CPU.ActiveCfg = Release|Any CPU
		{5454CA3E-D7FC-4790-9F00-461AFFE1B17D}.Release|Any CPU.Build.0 = Release|Any CPU
	EndGlobalSection
	GlobalSection(SolutionProperties) = preSolution
		HideSolutionNode = FALSE
	EndGlobalSection
	GlobalSection(ExtensibilityGlobals) = postSolution
		SolutionGuid = {F2E5CF47-CA8C-4035-9AD5-820503F60B3D}
	EndGlobalSection
EndGlobal
